
Microsoft Visual Studio Solution File, Format Version 12.00
# Visual Studio Version 17
VisualStudioVersion = 17.5.33530.505
MinimumVisualStudioVersion = 10.0.40219.1
Project("{FAE04EC0-301F-11D3-BF4B-00C04F79EFBC}") = "aki-puzzle", "aki-puzzle\aki-puzzle.csproj", "{B382AC93-BFA6-4FE4-BE1C-A316C44B1491}"
EndProject
Global
	GlobalSection(SolutionConfigurationPlatforms) = preSolution
		Debug|Any CPU = Debug|Any CPU
		Release|Any CPU = Release|Any CPU
	EndGlobalSection
	GlobalSection(ProjectConfigurationPlatforms) = postSolution
		{B382AC93-BFA6-4FE4-BE1C-A316C44B1491}.Debug|Any CPU.ActiveCfg = Debug|Any CPU
		{B382AC93-BFA6-4FE4-BE1C-A316C44B1491}.Debug|Any CPU.Build.0 = Debug|Any CPU
		{B382AC93-BFA6-4FE4-BE1C-A316C44B1491}.Release|Any CPU.ActiveCfg = Release|Any CPU
		{B382AC93-BFA6-4FE4-BE1C-A316C44B1491}.Release|Any CPU.Build.0 = Release|Any CPU
	EndGlobalSection
	GlobalSection(SolutionProperties) = preSolution
		HideSolutionNode = FALSE
	EndGlobalSection
	GlobalSection(ExtensibilityGlobals) = postSolution
		SolutionGuid = {F9A94002-FBBF-4977-8535-BD2DF8BC9CE3}
	EndGlobalSection
EndGlobal
